# @generated by Move, please check-in and do not edit manually.

[move]
version = 3
manifest_digest = "895D0267C4735BA98682A8F96FCCDC7B27195AA67009AC9FED3E634A3DDC1A6B"
deps_digest = "F8BBB0CCB2491CA29A3DF03D6F92277A4F3574266507ACD77214D37ECA3F3082"
dependencies = [
  { id = "Sui", name = "Sui" },
]

[[move.package]]
id = "MoveStdlib"
source = { git = "https://github.com/MystenLabs/sui.git", rev = "framework/testnet", subdir = "crates\\sui-framework\\packages\\move-stdlib" }

[[move.package]]
id = "Sui"
source = { git = "https://github.com/MystenLabs/sui.git", rev = "framework/testnet", subdir = "crates/sui-framework/packages/sui-framework" }

dependencies = [
  { id = "MoveStdlib", name = "MoveStdlib" },
]

[move.toolchain-version]
compiler-version = "1.62.0"
edition = "2024.beta"
flavor = "sui"

[env]

[env.testnet]
chain-id = "4c78adac"
original-published-id = "0x4d96defae3ca112add6807977266cb9b060992caf6508581b04e9ff84d6da9d1"
latest-published-id = "0x4d96defae3ca112add6807977266cb9b060992caf6508581b04e9ff84d6da9d1"
published-version = "1"
